// !$*UTF8*$!
{
	archiveVersion = 1;
	classes = {
	};
	objectVersion = 46;
	objects = {

/* Begin PBXBuildFile section */
		1E47B9231D5085B4002FEF03 /* main.m in Sources */ = {isa = PBXBuildFile; fileRef = 1E47B9221D5085B4002FEF03 /* main.m */; };
		1E47B9261D5085B4002FEF03 /* AppDelegate.m in Sources */ = {isa = PBXBuildFile; fileRef = 1E47B9251D5085B4002FEF03 /* AppDelegate.m */; };
		1E47B9291D5085B4002FEF03 /* ViewController.m in Sources */ = {isa = PBXBuildFile; fileRef = 1E47B9281D5085B4002FEF03 /* ViewController.m */; };
		1E47B92C1D5085B4002FEF03 /* Main.storyboard in Resources */ = {isa = PBXBuildFile; fileRef = 1E47B92A1D5085B4002FEF03 /* Main.storyboard */; };
		1E47B92E1D5085B4002FEF03 /* Assets.xcassets in Resources */ = {isa = PBXBuildFile; fileRef = 1E47B92D1D5085B4002FEF03 /* Assets.xcassets */; };
		1E47B9311D5085B4002FEF03 /* LaunchScreen.storyboard in Resources */ = {isa = PBXBuildFile; fileRef = 1E47B92F1D5085B4002FEF03 /* LaunchScreen.storyboard */; };
		1E47B93C1D5085B5002FEF03 /* ZSBWindowDemoTests.m in Sources */ = {isa = PBXBuildFile; fileRef = 1E47B93B1D5085B5002FEF03 /* ZSBWindowDemoTests.m */; };
		1E47B9471D5085B5002FEF03 /* ZSBWindowDemoUITests.m in Sources */ = {isa = PBXBuildFile; fileRef = 1E47B9461D5085B5002FEF03 /* ZSBWindowDemoUITests.m */; };
		1E47B9561D5086F3002FEF03 /* ZSBLeftMenuViewController.m in Sources */ = {isa = PBXBuildFile; fileRef = 1E47B9551D5086F3002FEF03 /* ZSBLeftMenuViewController.m */; };
		1E47B9591D509F26002FEF03 /* ZSBMiddleMenuViewController.m in Sources */ = {isa = PBXBuildFile; fileRef = 1E47B9581D509F26002FEF03 /* ZSBMiddleMenuViewController.m */; };
/* End PBXBuildFile section */

/* Begin PBXContainerItemProxy section */
		1E47B9381D5085B5002FEF03 /* PBXContainerItemProxy */ = {
			isa = PBXContainerItemProxy;
			containerPortal = 1E47B9161D5085B4002FEF03 /* Project object */;
			proxyType = 1;
			remoteGlobalIDString = 1E47B91D1D5085B4002FEF03;
			remoteInfo = ZSBWindowDemo;
		};
		1E47B9431D5085B5002FEF03 /* PBXContainerItemProxy */ = {
			isa = PBXContainerItemProxy;
			containerPortal = 1E47B9161D5085B4002FEF03 /* Project object */;
			proxyType = 1;
			remoteGlobalIDString = 1E47B91D1D5085B4002FEF03;
			remoteInfo = ZSBWindowDemo;
		};
/* End PBXContainerItemProxy section */

/* Begin PBXFileReference section */
		1E47B91E1D5085B4002FEF03 /* ZSBWindowDemo.app */ = {isa = PBXFileReference; explicitFileType = wrapper.application; includeInIndex = 0; path = ZSBWindowDemo.app; sourceTree = BUILT_PRODUCTS_DIR; };
		1E47B9221D5085B4002FEF03 /* main.m */ = {isa = PBXFileReference; lastKnownFileType = sourcecode.c.objc; path = main.m; sourceTree = "<group>"; };
		1E47B9241D5085B4002FEF03 /* AppDelegate.h */ = {isa = PBXFileReference; lastKnownFileType = sourcecode.c.h; path = AppDelegate.h; sourceTree = "<group>"; };
		1E47B9251D5085B4002FEF03 /* AppDelegate.m */ = {isa = PBXFileReference; lastKnownFileType = sourcecode.c.objc; path = AppDelegate.m; sourceTree = "<group>"; };
		1E47B9271D5085B4002FEF03 /* ViewController.h */ = {isa = PBXFileReference; lastKnownFileType = sourcecode.c.h; path = ViewController.h; sourceTree = "<group>"; };
		1E47B9281D5085B4002FEF03 /* ViewController.m */ = {isa = PBXFileReference; lastKnownFileType = sourcecode.c.objc; path = ViewController.m; sourceTree = "<group>"; };
		1E47B92B1D5085B4002FEF03 /* Base */ = {isa = PBXFileReference; lastKnownFileType = file.storyboard; name = Base; path = Base.lproj/Main.storyboard; sourceTree = "<group>"; };
		1E47B92D1D5085B4002FEF03 /* Assets.xcassets */ = {isa = PBXFileReference; lastKnownFileType = folder.assetcatalog; path = Assets.xcassets; sourceTree = "<group>"; };
		1E47B9301D5085B4002FEF03 /* Base */ = {isa = PBXFileReference; lastKnownFileType = file.storyboard; name = Base; path = Base.lproj/LaunchScreen.storyboard; sourceTree = "<group>"; };
		1E47B9321D5085B4002FEF03 /* Info.plist */ = {isa = PBXFileReference; lastKnownFileType = text.plist.xml; path = Info.plist; sourceTree = "<group>"; };
		1E47B9371D5085B5002FEF03 /* ZSBWindowDemoTests.xctest */ = {isa = PBXFileReference; explicitFileType = wrapper.cfbundle; includeInIndex = 0; path = ZSBWindowDemoTests.xctest; sourceTree = BUILT_PRODUCTS_DIR; };
		1E47B93B1D5085B5002FEF03 /* ZSBWindowDemoTests.m */ = {isa = PBXFileReference; lastKnownFileType = sourcecode.c.objc; path = ZSBWindowDemoTests.m; sourceTree = "<group>"; };
		1E47B93D1D5085B5002FEF03 /* Info.plist */ = {isa = PBXFileReference; lastKnownFileType = text.plist.xml; path = Info.plist; sourceTree = "<group>"; };
		1E47B9421D5085B5002FEF03 /* ZSBWindowDemoUITests.xctest */ = {isa = PBXFileReference; explicitFileType = wrapper.cfbundle; includeInIndex = 0; path = ZSBWindowDemoUITests.xctest; sourceTree = BUILT_PRODUCTS_DIR; };
		1E47B9461D5085B5002FEF03 /* ZSBWindowDemoUITests.m */ = {isa = PBXFileReference; lastKnownFileType = sourcecode.c.objc; path = ZSBWindowDemoUITests.m; sourceTree = "<group>"; };
		1E47B9481D5085B5002FEF03 /* Info.plist */ = {isa = PBXFileReference; lastKnownFileType = text.plist.xml; path = Info.plist; sourceTree = "<group>"; };
		1E47B9541D5086F3002FEF03 /* ZSBLeftMenuViewController.h */ = {isa = PBXFileReference; fileEncoding = 4; lastKnownFileType = sourcecode.c.h; path = ZSBLeftMenuViewController.h; sourceTree = "<group>"; };
		1E47B9551D5086F3002FEF03 /* ZSBLeftMenuViewController.m */ = {isa = PBXFileReference; fileEncoding = 4; lastKnownFileType = sourcecode.c.objc; path = ZSBLeftMenuViewController.m; sourceTree = "<group>"; };
		1E47B9571D509F26002FEF03 /* ZSBMiddleMenuViewController.h */ = {isa = PBXFileReference; fileEncoding = 4; lastKnownFileType = sourcecode.c.h; path = ZSBMiddleMenuViewController.h; sourceTree = "<group>"; };
		1E47B9581D509F26002FEF03 /* ZSBMiddleMenuViewController.m */ = {isa = PBXFileReference; fileEncoding = 4; lastKnownFileType = sourcecode.c.objc; path = ZSBMiddleMenuViewController.m; sourceTree = "<group>"; };
/* End PBXFileReference section */

/* Begin PBXFrameworksBuildPhase section */
		1E47B91B1D5085B4002FEF03 /* Frameworks */ = {
			isa = PBXFrameworksBuildPhase;
			buildActionMask = 2147483647;
			files = (
			);
			runOnlyForDeploymentPostprocessing = 0;
		};
		1E47B9341D5085B5002FEF03 /* Frameworks */ = {
			isa = PBXFrameworksBuildPhase;
			buildActionMask = 2147483647;
			files = (
			);
			runOnlyForDeploymentPostprocessing = 0;
		};
		1E47B93F1D5085B5002FEF03 /* Frameworks */ = {
			isa = PBXFrameworksBuildPhase;
			buildActionMask = 2147483647;
			files = (
			);
			runOnlyForDeploymentPostprocessing = 0;
		};
/* End PBXFrameworksBuildPhase section */

/* Begin PBXGroup section */
		1E47B9151D5085B4002FEF03 = {
			isa = PBXGroup;
			children = (
				1E47B9201D5085B4002FEF03 /* ZSBWindowDemo */,
				1E47B93A1D5085B5002FEF03 /* ZSBWindowDemoTests */,
				1E47B9451D5085B5002FEF03 /* ZSBWindowDemoUITests */,
				1E47B91F1D5085B4002FEF03 /* Products */,
			);
			sourceTree = "<group>";
		};
		1E47B91F1D5085B4002FEF03 /* Products */ = {
			isa = PBXGroup;
			children = (
				1E47B91E1D5085B4002FEF03 /* ZSBWindowDemo.app */,
				1E47B9371D5085B5002FEF03 /* ZSBWindowDemoTests.xctest */,
				1E47B9421D5085B5002FEF03 /* ZSBWindowDemoUITests.xctest */,
			);
			name = Products;
			sourceTree = "<group>";
		};
		1E47B9201D5085B4002FEF03 /* ZSBWindowDemo */ = {
			isa = PBXGroup;
			children = (
				1E47B9241D5085B4002FEF03 /* AppDelegate.h */,
				1E47B9251D5085B4002FEF03 /* AppDelegate.m */,
				1E47B9271D5085B4002FEF03 /* ViewController.h */,
				1E47B9281D5085B4002FEF03 /* ViewController.m */,
				1E47B9541D5086F3002FEF03 /* ZSBLeftMenuViewController.h */,
				1E47B9551D5086F3002FEF03 /* ZSBLeftMenuViewController.m */,
				1E47B9571D509F26002FEF03 /* ZSBMiddleMenuViewController.h */,
				1E47B9581D509F26002FEF03 /* ZSBMiddleMenuViewController.m */,
				1E47B92A1D5085B4002FEF03 /* Main.storyboard */,
				1E47B92D1D5085B4002FEF03 /* Assets.xcassets */,
				1E47B92F1D5085B4002FEF03 /* LaunchScreen.storyboard */,
				1E47B9321D5085B4002FEF03 /* Info.plist */,
				1E47B9211D5085B4002FEF03 /* Supporting Files */,
			);
			path = ZSBWindowDemo;
			sourceTree = "<group>";
		};
		1E47B9211D5085B4002FEF03 /* Supporting Files */ = {
			isa = PBXGroup;
			children = (
				1E47B9221D5085B4002FEF03 /* main.m */,
			);
			name = "Supporting Files";
			sourceTree = "<group>";
		};
		1E47B93A1D5085B5002FEF03 /* ZSBWindowDemoTests */ = {
			isa = PBXGroup;
			children = (
				1E47B93B1D5085B5002FEF03 /* ZSBWindowDemoTests.m */,
				1E47B93D1D5085B5002FEF03 /* Info.plist */,
			);
			path = ZSBWindowDemoTests;
			sourceTree = "<group>";
		};
		1E47B9451D5085B5002FEF03 /* ZSBWindowDemoUITests */ = {
			isa = PBXGroup;
			children = (
				1E47B9461D5085B5002FEF03 /* ZSBWindowDemoUITests.m */,
				1E47B9481D5085B5002FEF03 /* Info.plist */,
			);
			path = ZSBWindowDemoUITests;
			sourceTree = "<group>";
		};
/* End PBXGroup section */

/* Begin PBXNativeTarget section */
		1E47B91D1D5085B4002FEF03 /* ZSBWindowDemo */ = {
			isa = PBXNativeTarget;
			buildConfigurationList = 1E47B94B1D5085B5002FEF03 /* Build configuration list for PBXNativeTarget "ZSBWindowDemo" */;
			buildPhases = (
				1E47B91A1D5085B4002FEF03 /* Sources */,
				1E47B91B1D5085B4002FEF03 /* Frameworks */,
				1E47B91C1D5085B4002FEF03 /* Resources */,
			);
			buildRules = (
			);
			dependencies = (
			);
			name = ZSBWindowDemo;
			productName = ZSBWindowDemo;
			productReference = 1E47B91E1D5085B4002FEF03 /* ZSBWindowDemo.app */;
			productType = "com.apple.product-type.application";
		};
		1E47B9361D5085B5002FEF03 /* ZSBWindowDemoTests */ = {
			isa = PBXNativeTarget;
			buildConfigurationList = 1E47B94E1D5085B5002FEF03 /* Build configuration list for PBXNativeTarget "ZSBWindowDemoTests" */;
			buildPhases = (
				1E47B9331D5085B5002FEF03 /* Sources */,
				1E47B9341D5085B5002FEF03 /* Frameworks */,
				1E47B9351D5085B5002FEF03 /* Resources */,
			);
			buildRules = (
			);
			dependencies = (
				1E47B9391D5085B5002FEF03 /* PBXTargetDependency */,
			);
			name = ZSBWindowDemoTests;
			productName = ZSBWindowDemoTests;
			productReference = 1E47B9371D5085B5002FEF03 /* ZSBWindowDemoTests.xctest */;
			productType = "com.apple.product-type.bundle.unit-test";
		};
		1E47B9411D5085B5002FEF03 /* ZSBWindowDemoUITests */ = {
			isa = PBXNativeTarget;
			buildConfigurationList = 1E47B9511D5085B5002FEF03 /* Build configuration list for PBXNativeTarget "ZSBWindowDemoUITests" */;
			buildPhases = (
				1E47B93E1D5085B5002FEF03 /* Sources */,
				1E47B93F1D5085B5002FEF03 /* Frameworks */,
				1E47B9401D5085B5002FEF03 /* Resources */,
			);
			buildRules = (
			);
			dependencies = (
				1E47B9441D5085B5002FEF03 /* PBXTargetDependency */,
			);
			name = ZSBWindowDemoUITests;
			productName = ZSBWindowDemoUITests;
			productReference = 1E47B9421D5085B5002FEF03 /* ZSBWindowDemoUITests.xctest */;
			productType = "com.apple.product-type.bundle.ui-testing";
		};
/* End PBXNativeTarget section */

/* Begin PBXProject section */
		1E47B9161D5085B4002FEF03 /* Project object */ = {
			isa = PBXProject;
			attributes = {
				LastUpgradeCheck = 0730;
				ORGANIZATIONNAME = hugh;
				TargetAttributes = {
					1E47B91D1D5085B4002FEF03 = {
						CreatedOnToolsVersion = 7.3.1;
					};
					1E47B9361D5085B5002FEF03 = {
						CreatedOnToolsVersion = 7.3.1;
						TestTargetID = 1E47B91D1D5085B4002FEF03;
					};
					1E47B9411D5085B5002FEF03 = {
						CreatedOnToolsVersion = 7.3.1;
						TestTargetID = 1E47B91D1D5085B4002FEF03;
					};
				};
			};
			buildConfigurationList = 1E47B9191D5085B4002FEF03 /* Build configuration list for PBXProject "ZSBWindowDemo" */;
			compatibilityVersion = "Xcode 3.2";
			developmentRegion = English;
			hasScannedForEncodings = 0;
			knownRegions = (
				en,
				Base,
			);
			mainGroup = 1E47B9151D5085B4002FEF03;
			productRefGroup = 1E47B91F1D5085B4002FEF03 /* Products */;
			projectDirPath = "";
			projectRoot = "";
			targets = (
				1E47B91D1D5085B4002FEF03 /* ZSBWindowDemo */,
				1E47B9361D5085B5002FEF03 /* ZSBWindowDemoTests */,
				1E47B9411D5085B5002FEF03 /* ZSBWindowDemoUITests */,
			);
		};
/* End PBXProject section */

/* Begin PBXResourcesBuildPhase section */
		1E47B91C1D5085B4002FEF03 /* Resources */ = {
			isa = PBXResourcesBuildPhase;
			buildActionMask = 2147483647;
			files = (
				1E47B9311D5085B4002FEF03 /* LaunchScreen.storyboard in Resources */,
				1E47B92E1D5085B4002FEF03 /* Assets.xcassets in Resources */,
				1E47B92C1D5085B4002FEF03 /* Main.storyboard in Resources */,
			);
			runOnlyForDeploymentPostprocessing = 0;
		};
		1E47B9351D5085B5002FEF03 /* Resources */ = {
			isa = PBXResourcesBuildPhase;
			buildActionMask = 2147483647;
			files = (
			);
			runOnlyForDeploymentPostprocessing = 0;
		};
		1E47B9401D5085B5002FEF03 /* Resources */ = {
			isa = PBXResourcesBuildPhase;
			buildActionMask = 2147483647;
			files = (
			);
			runOnlyForDeploymentPostprocessing = 0;
		};
/* End PBXResourcesBuildPhase section */

/* Begin PBXSourcesBuildPhase section */
		1E47B91A1D5085B4002FEF03 /* Sources */ = {
			isa = PBXSourcesBuildPhase;
			buildActionMask = 2147483647;
			files = (
				1E47B9591D509F26002FEF03 /* ZSBMiddleMenuViewController.m in Sources */,
				1E47B9561D5086F3002FEF03 /* ZSBLeftMenuViewController.m in Sources */,
				1E47B9291D5085B4002FEF03 /* ViewController.m in Sources */,
				1E47B9261D5085B4002FEF03 /* AppDelegate.m in Sources */,
				1E47B9231D5085B4002FEF03 /* main.m in Sources */,
			);
			runOnlyForDeploymentPostprocessing = 0;
		};
		1E47B9331D5085B5002FEF03 /* Sources */ = {
			isa = PBXSourcesBuildPhase;
			buildActionMask = 2147483647;
			files = (
				1E47B93C1D5085B5002FEF03 /* ZSBWindowDemoTests.m in Sources */,
			);
			runOnlyForDeploymentPostprocessing = 0;
		};
		1E47B93E1D5085B5002FEF03 /* Sources */ = {
			isa = PBXSourcesBuildPhase;
			buildActionMask = 2147483647;
			files = (
				1E47B9471D5085B5002FEF03 /* ZSBWindowDemoUITests.m in Sources */,
			);
			runOnlyForDeploymentPostprocessing = 0;
		};
/* End PBXSourcesBuildPhase section */

/* Begin PBXTargetDependency section */
		1E47B9391D5085B5002FEF03 /* PBXTargetDependency */ = {
			isa = PBXTargetDependency;
			target = 1E47B91D1D5085B4002FEF03 /* ZSBWindowDemo */;
			targetProxy = 1E47B9381D5085B5002FEF03 /* PBXContainerItemProxy */;
		};
		1E47B9441D5085B5002FEF03 /* PBXTargetDependency */ = {
			isa = PBXTargetDependency;
			target = 1E47B91D1D5085B4002FEF03 /* ZSBWindowDemo */;
			targetProxy = 1E47B9431D5085B5002FEF03 /* PBXContainerItemProxy */;
		};
/* End PBXTargetDependency section */

/* Begin PBXVariantGroup section */
		1E47B92A1D5085B4002FEF03 /* Main.storyboard */ = {
			isa = PBXVariantGroup;
			children = (
				1E47B92B1D5085B4002FEF03 /* Base */,
			);
			name = Main.storyboard;
			sourceTree = "<group>";
		};
		1E47B92F1D5085B4002FEF03 /* LaunchScreen.storyboard */ = {
			isa = PBXVariantGroup;
			children = (
				1E47B9301D5085B4002FEF03 /* Base */,
			);
			name = LaunchScreen.storyboard;
			sourceTree = "<group>";
		};
/* End PBXVariantGroup section */

/* Begin XCBuildConfiguration section */
		1E47B9491D5085B5002FEF03 /* Debug */ = {
			isa = XCBuildConfiguration;
			buildSettings = {
				ALWAYS_SEARCH_USER_PATHS = NO;
				CLANG_ANALYZER_NONNULL = YES;
				CLANG_CXX_LANGUAGE_STANDARD = "gnu++0x";
				CLANG_CXX_LIBRARY = "libc++";
				CLANG_ENABLE_MODULES = YES;
				CLANG_ENABLE_OBJC_ARC = YES;
				CLANG_WARN_BOOL_CONVERSION = YES;
				CLANG_WARN_CONSTANT_CONVERSION = YES;
				CLANG_WARN_DIRECT_OBJC_ISA_USAGE = YES_ERROR;
				CLANG_WARN_EMPTY_BODY = YES;
				CLANG_WARN_ENUM_CONVERSION = YES;
				CLANG_WARN_INT_CONVERSION = YES;
				CLANG_WARN_OBJC_ROOT_CLASS = YES_ERROR;
				CLANG_WARN_UNREACHABLE_CODE = YES;
				CLANG_WARN__DUPLICATE_METHOD_MATCH = YES;
				"CODE_SIGN_IDENTITY[sdk=iphoneos*]" = "iPhone Developer";
				COPY_PHASE_STRIP = NO;
				DEBUG_INFORMATION_FORMAT = dwarf;
				ENABLE_STRICT_OBJC_MSGSEND = YES;
				ENABLE_TESTABILITY = YES;
				GCC_C_LANGUAGE_STANDARD = gnu99;
				GCC_DYNAMIC_NO_PIC = NO;
				GCC_NO_COMMON_BLOCKS = YES;
				GCC_OPTIMIZATION_LEVEL = 0;
				GCC_PREPROCESSOR_DEFINITIONS = (
					"DEBUG=1",
					"$(inherited)",
				);
				GCC_WARN_64_TO_32_BIT_CONVERSION = YES;
				GCC_WARN_ABOUT_RETURN_TYPE = YES_ERROR;
				GCC_WARN_UNDECLARED_SELECTOR = YES;
				GCC_WARN_UNINITIALIZED_AUTOS = YES_AGGRESSIVE;
				GCC_WARN_UNUSED_FUNCTION = YES;
				GCC_WARN_UNUSED_VARIABLE = YES;
				IPHONEOS_DEPLOYMENT_TARGET = 9.3;
				MTL_ENABLE_DEBUG_INFO = YES;
				ONLY_ACTIVE_ARCH = YES;
				SDKROOT = iphoneos;
			};
			name = Debug;
		};
		1E47B94A1D5085B5002FEF03 /* Release */ = {
			isa = XCBuildConfiguration;
			buildSettings = {
				ALWAYS_SEARCH_USER_PATHS = NO;
				CLANG_ANALYZER_NONNULL = YES;
				CLANG_CXX_LANGUAGE_STANDARD = "gnu++0x";
				CLANG_CXX_LIBRARY = "libc++";
				CLANG_ENABLE_MODULES = YES;
				CLANG_ENABLE_OBJC_ARC = YES;
				CLANG_WARN_BOOL_CONVERSION = YES;
				CLANG_WARN_CONSTANT_CONVERSION = YES;
				CLANG_WARN_DIRECT_OBJC_ISA_USAGE = YES_ERROR;
				CLANG_WARN_EMPTY_BODY = YES;
				CLANG_WARN_ENUM_CONVERSION = YES;
				CLANG_WARN_INT_CONVERSION = YES;
				CLANG_WARN_OBJC_ROOT_CLASS = YES_ERROR;
				CLANG_WARN_UNREACHABLE_CODE = YES;
				CLANG_WARN__DUPLICATE_METHOD_MATCH = YES;
				"CODE_SIGN_IDENTITY[sdk=iphoneos*]" = "iPhone Developer";
				COPY_PHASE_STRIP = NO;
				DEBUG_INFORMATION_FORMAT = "dwarf-with-dsym";
				ENABLE_NS_ASSERTIONS = NO;
				ENABLE_STRICT_OBJC_MSGSEND = YES;
				GCC_C_LANGUAGE_STANDARD = gnu99;
				GCC_NO_COMMON_BLOCKS = YES;
				GCC_WARN_64_TO_32_BIT_CONVERSION = YES;
				GCC_WARN_ABOUT_RETURN_TYPE = YES_ERROR;
				GCC_WARN_UNDECLARED_SELECTOR = YES;
				GCC_WARN_UNINITIALIZED_AUTOS = YES_AGGRESSIVE;
				GCC_WARN_UNUSED_FUNCTION = YES;
				GCC_WARN_UNUSED_VARIABLE = YES;
				IPHONEOS_DEPLOYMENT_TARGET = 9.3;
				MTL_ENABLE_DEBUG_INFO = NO;
				SDKROOT = iphoneos;
				VALIDATE_PRODUCT = YES;
			};
			name = Release;
		};
		1E47B94C1D5085B5002FEF03 /* Debug */ = {
			isa = XCBuildConfiguration;
			buildSettings = {
				ASSETCATALOG_COMPILER_APPICON_NAME = AppIcon;
				INFOPLIST_FILE = ZSBWindowDemo/Info.plist;
				LD_RUNPATH_SEARCH_PATHS = "$(inherited) @executable_path/Frameworks";
				PRODUCT_BUNDLE_IDENTIFIER = com.hugh.ZSBWindowDemo.ZSBWindowDemo;
				PRODUCT_NAME = "$(TARGET_NAME)";
				TARGETED_DEVICE_FAMILY = 2;
			};
			name = Debug;
		};
		1E47B94D1D5085B5002FEF03 /* Release */ = {
			isa = XCBuildConfiguration;
			buildSettings = {
				ASSETCATALOG_COMPILER_APPICON_NAME = AppIcon;
				INFOPLIST_FILE = ZSBWindowDemo/Info.plist;
				LD_RUNPATH_SEARCH_PATHS = "$(inherited) @executable_path/Frameworks";
				PRODUCT_BUNDLE_IDENTIFIER = com.hugh.ZSBWindowDemo.ZSBWindowDemo;
				PRODUCT_NAME = "$(TARGET_NAME)";
				TARGETED_DEVICE_FAMILY = 2;
			};
			name = Release;
		};
		1E47B94F1D5085B5002FEF03 /* Debug */ = {
			isa = XCBuildConfiguration;
			buildSettings = {
				BUNDLE_LOADER = "$(TEST_HOST)";
				INFOPLIST_FILE = ZSBWindowDemoTests/Info.plist;
				LD_RUNPATH_SEARCH_PATHS = "$(inherited) @executable_path/Frameworks @loader_path/Frameworks";
				PRODUCT_BUNDLE_IDENTIFIER = com.hugh.ZSBWindowDemo.ZSBWindowDemoTests;
				PRODUCT_NAME = "$(TARGET_NAME)";
				TEST_HOST = "$(BUILT_PRODUCTS_DIR)/ZSBWindowDemo.app/ZSBWindowDemo";
			};
			name = Debug;
		};
		1E47B9501D5085B5002FEF03 /* Release */ = {
			isa = XCBuildConfiguration;
			buildSettings = {
				BUNDLE_LOADER = "$(TEST_HOST)";
				INFOPLIST_FILE = ZSBWindowDemoTests/Info.plist;
				LD_RUNPATH_SEARCH_PATHS = "$(inherited) @executable_path/Frameworks @loader_path/Frameworks";
				PRODUCT_BUNDLE_IDENTIFIER = com.hugh.ZSBWindowDemo.ZSBWindowDemoTests;
				PRODUCT_NAME = "$(TARGET_NAME)";
				TEST_HOST = "$(BUILT_PRODUCTS_DIR)/ZSBWindowDemo.app/ZSBWindowDemo";
			};
			name = Release;
		};
		1E47B9521D5085B5002FEF03 /* Debug */ = {
			isa = XCBuildConfiguration;
			buildSettings = {
				INFOPLIST_FILE = ZSBWindowDemoUITests/Info.plist;
				LD_RUNPATH_SEARCH_PATHS = "$(inherited) @executable_path/Frameworks @loader_path/Frameworks";
				PRODUCT_BUNDLE_IDENTIFIER = com.hugh.ZSBWindowDemo.ZSBWindowDemoUITests;
				PRODUCT_NAME = "$(TARGET_NAME)";
				TEST_TARGET_NAME = ZSBWindowDemo;
			};
			name = Debug;
		};
		1E47B9531D5085B5002FEF03 /* Release */ = {
			isa = XCBuildConfiguration;
			buildSettings = {
				INFOPLIST_FILE = ZSBWindowDemoUITests/Info.plist;
				LD_RUNPATH_SEARCH_PATHS = "$(inherited) @executable_path/Frameworks @loader_path/Frameworks";
				PRODUCT_BUNDLE_IDENTIFIER = com.hugh.ZSBWindowDemo.ZSBWindowDemoUITests;
				PRODUCT_NAME = "$(TARGET_NAME)";
				TEST_TARGET_NAME = ZSBWindowDemo;
			};
			name = Release;
		};
/* End XCBuildConfiguration section */

/* Begin XCConfigurationList section */
		1E47B9191D5085B4002FEF03 /* Build configuration list for PBXProject "ZSBWindowDemo" */ = {
			isa = XCConfigurationList;
			buildConfigurations = (
				1E47B9491D5085B5002FEF03 /* Debug */,
				1E47B94A1D5085B5002FEF03 /* Release */,
			);
			defaultConfigurationIsVisible = 0;
			defaultConfigurationName = Release;
		};
		1E47B94B1D5085B5002FEF03 /* Build configuration list for PBXNativeTarget "ZSBWindowDemo" */ = {
			isa = XCConfigurationList;
			buildConfigurations = (
				1E47B94C1D5085B5002FEF03 /* Debug */,
				1E47B94D1D5085B5002FEF03 /* Release */,
			);
			defaultConfigurationIsVisible = 0;
			defaultConfigurationName = Release;
		};
		1E47B94E1D5085B5002FEF03 /* Build configuration list for PBXNativeTarget "ZSBWindowDemoTests" */ = {
			isa = XCConfigurationList;
			buildConfigurations = (
				1E47B94F1D5085B5002FEF03 /* Debug */,
				1E47B9501D5085B5002FEF03 /* Release */,
			);
			defaultConfigurationIsVisible = 0;
			defaultConfigurationName = Release;
		};
		1E47B9511D5085B5002FEF03 /* Build configuration list for PBXNativeTarget "ZSBWindowDemoUITests" */ = {
			isa = XCConfigurationList;
			buildConfigurations = (
				1E47B9521D5085B5002FEF03 /* Debug */,
				1E47B9531D5085B5002FEF03 /* Release */,
			);
			defaultConfigurationIsVisible = 0;
			defaultConfigurationName = Release;
		};
/* End XCConfigurationList section */
	};
	rootObject = 1E47B9161D5085B4002FEF03 /* Project object */;
}
